
Microsoft Visual Studio Solution File, Format Version 12.00
# Visual Studio 14
VisualStudioVersion = 14.0.25420.1
MinimumVisualStudioVersion = 10.0.40219.1
Project("{2150E333-8FDC-42A3-9474-1A3956D46DE8}") = "Auth", "Auth", "{7967609B-E82A-4D91-89BE-2F73A1523A16}"
EndProject
Project("{2150E333-8FDC-42A3-9474-1A3956D46DE8}") = "Data", "Data", "{EC25B855-4239-4F2F-A28E-0197694E32A8}"
EndProject
Project("{FAE04EC0-301F-11D3-BF4B-00C04F79EFBC}") = "MyWoodenHouse.Data.Provider", "MyWoodenHouse.Data.Provider\MyWoodenHouse.Data.Provider.csproj", "{6DA1EB95-FF6F-466E-BB19-3DB65164E75A}"
EndProject
Project("{FAE04EC0-301F-11D3-BF4B-00C04F79EFBC}") = "MyWoodenHouse.Data.Services", "MyWoodenHouse.Data.Services\MyWoodenHouse.Data.Services.csproj", "{639CC1E7-B4B4-4B7F-9A54-4BFEC88F7B36}"
EndProject
Project("{2150E333-8FDC-42A3-9474-1A3956D46DE8}") = "Services", "Services", "{C185A67F-EF6A-4E16-81FF-68830E558B17}"
EndProject
Project("{2150E333-8FDC-42A3-9474-1A3956D46DE8}") = "Clients", "Clients", "{85F14AD6-1B87-4B02-A844-16B8BA1990B1}"
EndProject
Project("{FAE04EC0-301F-11D3-BF4B-00C04F79EFBC}") = "MyWoodenHouse.Client.Web", "MyWoodenHouse.Client.Web\MyWoodenHouse.Client.Web.csproj", "{707B3C20-650E-4870-908B-69243F1F3AFE}"
EndProject
Project("{2150E333-8FDC-42A3-9474-1A3956D46DE8}") = "Tests", "Tests", "{B237E056-5588-4095-B109-AD775D50E887}"
EndProject
Project("{2150E333-8FDC-42A3-9474-1A3956D46DE8}") = "Helpers", "Helpers", "{DDB91619-85BD-4210-A7E3-89C04997AA7D}"
EndProject
Project("{FAE04EC0-301F-11D3-BF4B-00C04F79EFBC}") = "MyWoodenHouse.Extensions", "MyWoodenHouse.Extensions\MyWoodenHouse.Extensions.csproj", "{63AE3E17-17F7-41E7-9E66-906FE9F73E2E}"
EndProject
Project("{FAE04EC0-301F-11D3-BF4B-00C04F79EFBC}") = "MyWoodenHouse.Pure.Models", "MyWoodenHouse.Pure.Models\MyWoodenHouse.Pure.Models.csproj", "{BC662DC8-C9C1-4AD9-AA35-29579F0B823D}"
EndProject
Project("{FAE04EC0-301F-11D3-BF4B-00C04F79EFBC}") = "MyWoodenHouse.Model.Services", "MyWoodenHouse.Models.Services\MyWoodenHouse.Model.Services.csproj", "{35B0EAD8-3212-4EF1-A111-079FE4EEDE32}"
EndProject
Project("{2150E333-8FDC-42A3-9474-1A3956D46DE8}") = "Models", "Models", "{FA4A20D1-25B3-4F4D-B86D-8FB37F96A770}"
EndProject
Project("{FAE04EC0-301F-11D3-BF4B-00C04F79EFBC}") = "MyWoodenHouse.Ef.Models", "MyWoodenHouse.Ef.Models\MyWoodenHouse.Ef.Models.csproj", "{6F34D14E-273A-4B8E-A909-870B57336D95}"
EndProject
Project("{FAE04EC0-301F-11D3-BF4B-00C04F79EFBC}") = "MyWoodenHouse.Contracts", "MyWoodenHouse.Model.Contracts\MyWoodenHouse.Contracts.csproj", "{F1F6C39A-FE72-494E-9995-EC3DFAA605E2}"
EndProject
Project("{FAE04EC0-301F-11D3-BF4B-00C04F79EFBC}") = "MyWoodenHouse.Constants", "MyWoodenHouse.Constants\MyWoodenHouse.Constants.csproj", "{65A0937F-62E5-4F3A-83DA-2FB48B1215DD}"
EndProject
Project("{FAE04EC0-301F-11D3-BF4B-00C04F79EFBC}") = "MyWoodenHouse.Data.Provider.UnitTests", "MyWoodenHouse.Data.Provider.UnitTests\MyWoodenHouse.Data.Provider.UnitTests.csproj", "{83268789-145D-43C4-84D0-197A66BA97AA}"
EndProject
Project("{FAE04EC0-301F-11D3-BF4B-00C04F79EFBC}") = "MyWoodenHouse.Default.Auth", "MyWoodenHouse.Default.Auth\MyWoodenHouse.Default.Auth.csproj", "{3C0B1AA3-A1F3-48DF-BAD3-4680B5F511D6}"
EndProject
Project("{FAE04EC0-301F-11D3-BF4B-00C04F79EFBC}") = "MyWoodenHouse.Data.Services.IntegrationTest", "MyWoodenHouse.Data.Services.IntegrationTest\MyWoodenHouse.Data.Services.IntegrationTest.csproj", "{406D7DEB-DAE2-4301-B5CF-F6210E1E6BB9}"
EndProject
Project("{FAE04EC0-301F-11D3-BF4B-00C04F79EFBC}") = "MyWoodenHouse.Data.Services.UnitTest", "MyWoodenHouse.Data.Services.UnitTest\MyWoodenHouse.Data.Services.UnitTest.csproj", "{E14EA03D-31CA-46D0-89C1-58A776F6DC31}"
EndProject
Project("{2150E333-8FDC-42A3-9474-1A3956D46DE8}") = "_Solution Items", "_Solution Items", "{55EC9B85-E51B-44F5-9111-2E76A79088CD}"
EndProject
Project("{2150E333-8FDC-42A3-9474-1A3956D46DE8}") = "Unit Testing Metrics", "Unit Testing Metrics", "{20B16B68-CE63-4096-A56C-5DADDD5802BF}"
	ProjectSection(SolutionItems) = preProject
		GenerateOpenCover-UnitTestMetrics.bat = GenerateOpenCover-UnitTestMetrics.bat
		GenerateReportGenerator-Output.bat = GenerateReportGenerator-Output.bat
		GenerateUnitTestMetrics.bat = GenerateUnitTestMetrics.bat
	EndProjectSection
EndProject
Global
	GlobalSection(SolutionConfigurationPlatforms) = preSolution
		Debug|Any CPU = Debug|Any CPU
		Release|Any CPU = Release|Any CPU
	EndGlobalSection
	GlobalSection(ProjectConfigurationPlatforms) = postSolution
		{6DA1EB95-FF6F-466E-BB19-3DB65164E75A}.Debug|Any CPU.ActiveCfg = Debug|Any CPU
		{6DA1EB95-FF6F-466E-BB19-3DB65164E75A}.Debug|Any CPU.Build.0 = Debug|Any CPU
		{6DA1EB95-FF6F-466E-BB19-3DB65164E75A}.Release|Any CPU.ActiveCfg = Release|Any CPU
		{6DA1EB95-FF6F-466E-BB19-3DB65164E75A}.Release|Any CPU.Build.0 = Release|Any CPU
		{639CC1E7-B4B4-4B7F-9A54-4BFEC88F7B36}.Debug|Any CPU.ActiveCfg = Debug|Any CPU
		{639CC1E7-B4B4-4B7F-9A54-4BFEC88F7B36}.Debug|Any CPU.Build.0 = Debug|Any CPU
		{639CC1E7-B4B4-4B7F-9A54-4BFEC88F7B36}.Release|Any CPU.ActiveCfg = Release|Any CPU
		{639CC1E7-B4B4-4B7F-9A54-4BFEC88F7B36}.Release|Any CPU.Build.0 = Release|Any CPU
		{707B3C20-650E-4870-908B-69243F1F3AFE}.Debug|Any CPU.ActiveCfg = Debug|Any CPU
		{707B3C20-650E-4870-908B-69243F1F3AFE}.Debug|Any CPU.Build.0 = Debug|Any CPU
		{707B3C20-650E-4870-908B-69243F1F3AFE}.Release|Any CPU.ActiveCfg = Release|Any CPU
		{707B3C20-650E-4870-908B-69243F1F3AFE}.Release|Any CPU.Build.0 = Release|Any CPU
		{63AE3E17-17F7-41E7-9E66-906FE9F73E2E}.Debug|Any CPU.ActiveCfg = Debug|Any CPU
		{63AE3E17-17F7-41E7-9E66-906FE9F73E2E}.Debug|Any CPU.Build.0 = Debug|Any CPU
		{63AE3E17-17F7-41E7-9E66-906FE9F73E2E}.Release|Any CPU.ActiveCfg = Release|Any CPU
		{63AE3E17-17F7-41E7-9E66-906FE9F73E2E}.Release|Any CPU.Build.0 = Release|Any CPU
		{BC662DC8-C9C1-4AD9-AA35-29579F0B823D}.Debug|Any CPU.ActiveCfg = Debug|Any CPU
		{BC662DC8-C9C1-4AD9-AA35-29579F0B823D}.Debug|Any CPU.Build.0 = Debug|Any CPU
		{BC662DC8-C9C1-4AD9-AA35-29579F0B823D}.Release|Any CPU.ActiveCfg = Release|Any CPU
		{BC662DC8-C9C1-4AD9-AA35-29579F0B823D}.Release|Any CPU.Build.0 = Release|Any CPU
		{35B0EAD8-3212-4EF1-A111-079FE4EEDE32}.Debug|Any CPU.ActiveCfg = Debug|Any CPU
		{35B0EAD8-3212-4EF1-A111-079FE4EEDE32}.Debug|Any CPU.Build.0 = Debug|Any CPU
		{35B0EAD8-3212-4EF1-A111-079FE4EEDE32}.Release|Any CPU.ActiveCfg = Release|Any CPU
		{35B0EAD8-3212-4EF1-A111-079FE4EEDE32}.Release|Any CPU.Build.0 = Release|Any CPU
		{6F34D14E-273A-4B8E-A909-870B57336D95}.Debug|Any CPU.ActiveCfg = Debug|Any CPU
		{6F34D14E-273A-4B8E-A909-870B57336D95}.Debug|Any CPU.Build.0 = Debug|Any CPU
		{6F34D14E-273A-4B8E-A909-870B57336D95}.Release|Any CPU.ActiveCfg = Release|Any CPU
		{6F34D14E-273A-4B8E-A909-870B57336D95}.Release|Any CPU.Build.0 = Release|Any CPU
		{F1F6C39A-FE72-494E-9995-EC3DFAA605E2}.Debug|Any CPU.ActiveCfg = Debug|Any CPU
		{F1F6C39A-FE72-494E-9995-EC3DFAA605E2}.Debug|Any CPU.Build.0 = Debug|Any CPU
		{F1F6C39A-FE72-494E-9995-EC3DFAA605E2}.Release|Any CPU.ActiveCfg = Release|Any CPU
		{F1F6C39A-FE72-494E-9995-EC3DFAA605E2}.Release|Any CPU.Build.0 = Release|Any CPU
		{65A0937F-62E5-4F3A-83DA-2FB48B1215DD}.Debug|Any CPU.ActiveCfg = Debug|Any CPU
		{65A0937F-62E5-4F3A-83DA-2FB48B1215DD}.Debug|Any CPU.Build.0 = Debug|Any CPU
		{65A0937F-62E5-4F3A-83DA-2FB48B1215DD}.Release|Any CPU.ActiveCfg = Release|Any CPU
		{65A0937F-62E5-4F3A-83DA-2FB48B1215DD}.Release|Any CPU.Build.0 = Release|Any CPU
		{83268789-145D-43C4-84D0-197A66BA97AA}.Debug|Any CPU.ActiveCfg = Debug|Any CPU
		{83268789-145D-43C4-84D0-197A66BA97AA}.Debug|Any CPU.Build.0 = Debug|Any CPU
		{83268789-145D-43C4-84D0-197A66BA97AA}.Release|Any CPU.ActiveCfg = Release|Any CPU
		{83268789-145D-43C4-84D0-197A66BA97AA}.Release|Any CPU.Build.0 = Release|Any CPU
		{3C0B1AA3-A1F3-48DF-BAD3-4680B5F511D6}.Debug|Any CPU.ActiveCfg = Debug|Any CPU
		{3C0B1AA3-A1F3-48DF-BAD3-4680B5F511D6}.Debug|Any CPU.Build.0 = Debug|Any CPU
		{3C0B1AA3-A1F3-48DF-BAD3-4680B5F511D6}.Release|Any CPU.ActiveCfg = Release|Any CPU
		{3C0B1AA3-A1F3-48DF-BAD3-4680B5F511D6}.Release|Any CPU.Build.0 = Release|Any CPU
		{406D7DEB-DAE2-4301-B5CF-F6210E1E6BB9}.Debug|Any CPU.ActiveCfg = Debug|Any CPU
		{406D7DEB-DAE2-4301-B5CF-F6210E1E6BB9}.Debug|Any CPU.Build.0 = Debug|Any CPU
		{406D7DEB-DAE2-4301-B5CF-F6210E1E6BB9}.Release|Any CPU.ActiveCfg = Release|Any CPU
		{406D7DEB-DAE2-4301-B5CF-F6210E1E6BB9}.Release|Any CPU.Build.0 = Release|Any CPU
		{E14EA03D-31CA-46D0-89C1-58A776F6DC31}.Debug|Any CPU.ActiveCfg = Debug|Any CPU
		{E14EA03D-31CA-46D0-89C1-58A776F6DC31}.Debug|Any CPU.Build.0 = Debug|Any CPU
		{E14EA03D-31CA-46D0-89C1-58A776F6DC31}.Release|Any CPU.ActiveCfg = Release|Any CPU
		{E14EA03D-31CA-46D0-89C1-58A776F6DC31}.Release|Any CPU.Build.0 = Release|Any CPU
	EndGlobalSection
	GlobalSection(SolutionProperties) = preSolution
		HideSolutionNode = FALSE
	EndGlobalSection
	GlobalSection(NestedProjects) = preSolution
		{6DA1EB95-FF6F-466E-BB19-3DB65164E75A} = {EC25B855-4239-4F2F-A28E-0197694E32A8}
		{639CC1E7-B4B4-4B7F-9A54-4BFEC88F7B36} = {C185A67F-EF6A-4E16-81FF-68830E558B17}
		{707B3C20-650E-4870-908B-69243F1F3AFE} = {85F14AD6-1B87-4B02-A844-16B8BA1990B1}
		{63AE3E17-17F7-41E7-9E66-906FE9F73E2E} = {DDB91619-85BD-4210-A7E3-89C04997AA7D}
		{BC662DC8-C9C1-4AD9-AA35-29579F0B823D} = {FA4A20D1-25B3-4F4D-B86D-8FB37F96A770}
		{35B0EAD8-3212-4EF1-A111-079FE4EEDE32} = {C185A67F-EF6A-4E16-81FF-68830E558B17}
		{6F34D14E-273A-4B8E-A909-870B57336D95} = {FA4A20D1-25B3-4F4D-B86D-8FB37F96A770}
		{F1F6C39A-FE72-494E-9995-EC3DFAA605E2} = {FA4A20D1-25B3-4F4D-B86D-8FB37F96A770}
		{65A0937F-62E5-4F3A-83DA-2FB48B1215DD} = {DDB91619-85BD-4210-A7E3-89C04997AA7D}
		{83268789-145D-43C4-84D0-197A66BA97AA} = {B237E056-5588-4095-B109-AD775D50E887}
		{3C0B1AA3-A1F3-48DF-BAD3-4680B5F511D6} = {7967609B-E82A-4D91-89BE-2F73A1523A16}
		{406D7DEB-DAE2-4301-B5CF-F6210E1E6BB9} = {B237E056-5588-4095-B109-AD775D50E887}
		{E14EA03D-31CA-46D0-89C1-58A776F6DC31} = {B237E056-5588-4095-B109-AD775D50E887}
		{20B16B68-CE63-4096-A56C-5DADDD5802BF} = {55EC9B85-E51B-44F5-9111-2E76A79088CD}
	EndGlobalSection
EndGlobal
