
Microsoft Visual Studio Solution File, Format Version 12.00
# Visual Studio 14
VisualStudioVersion = 14.0.25420.1
MinimumVisualStudioVersion = 10.0.40219.1
Project("{FAE04EC0-301F-11D3-BF4B-00C04F79EFBC}") = "MyWoodenHouse", "MyWoodenHouse\MyWoodenHouse.csproj", "{707B3C20-650E-4870-908B-69243F1F3AFE}"
EndProject
Project("{2150E333-8FDC-42A3-9474-1A3956D46DE8}") = "Data", "Data", "{798D3A30-1277-49B0-94D7-7E4CE36E47FC}"
EndProject
Project("{2150E333-8FDC-42A3-9474-1A3956D46DE8}") = "Services", "Services", "{77ED7E77-929E-4DB7-8BBE-33843DC354C0}"
EndProject
Project("{FAE04EC0-301F-11D3-BF4B-00C04F79EFBC}") = "MyWoodenHouse.Data.Models", "Data\MyWoodenHouse.Data.Models\MyWoodenHouse.Data.Models.csproj", "{6F34D14E-273A-4B8E-A909-870B57336D95}"
EndProject
Project("{FAE04EC0-301F-11D3-BF4B-00C04F79EFBC}") = "MyWoodenHouse.Data.Provider", "Data\MyWoodenHouse.Data.Provider\MyWoodenHouse.Data.Provider.csproj", "{6DA1EB95-FF6F-466E-BB19-3DB65164E75A}"
EndProject
Project("{FAE04EC0-301F-11D3-BF4B-00C04F79EFBC}") = "MyWoodenHouse.Data.Services", "Services\MyWoodenHouse.Data.Services\MyWoodenHouse.Data.Services.csproj", "{639CC1E7-B4B4-4B7F-9A54-4BFEC88F7B36}"
EndProject
Project("{2150E333-8FDC-42A3-9474-1A3956D46DE8}") = "Auth", "Auth", "{D32BEFAF-CF18-4016-9A35-E72474C83B0C}"
EndProject
Project("{FAE04EC0-301F-11D3-BF4B-00C04F79EFBC}") = "MyWoodenHouse.Default.Auth", "MyWoodenHouse.Auth\MyWoodenHouse.Default.Auth.csproj", "{3C0B1AA3-A1F3-48DF-BAD3-4680B5F511D6}"
EndProject
Global
	GlobalSection(SolutionConfigurationPlatforms) = preSolution
		Debug|Any CPU = Debug|Any CPU
		Release|Any CPU = Release|Any CPU
	EndGlobalSection
	GlobalSection(ProjectConfigurationPlatforms) = postSolution
		{707B3C20-650E-4870-908B-69243F1F3AFE}.Debug|Any CPU.ActiveCfg = Debug|Any CPU
		{707B3C20-650E-4870-908B-69243F1F3AFE}.Debug|Any CPU.Build.0 = Debug|Any CPU
		{707B3C20-650E-4870-908B-69243F1F3AFE}.Release|Any CPU.ActiveCfg = Release|Any CPU
		{707B3C20-650E-4870-908B-69243F1F3AFE}.Release|Any CPU.Build.0 = Release|Any CPU
		{6F34D14E-273A-4B8E-A909-870B57336D95}.Debug|Any CPU.ActiveCfg = Debug|Any CPU
		{6F34D14E-273A-4B8E-A909-870B57336D95}.Debug|Any CPU.Build.0 = Debug|Any CPU
		{6F34D14E-273A-4B8E-A909-870B57336D95}.Release|Any CPU.ActiveCfg = Release|Any CPU
		{6F34D14E-273A-4B8E-A909-870B57336D95}.Release|Any CPU.Build.0 = Release|Any CPU
		{6DA1EB95-FF6F-466E-BB19-3DB65164E75A}.Debug|Any CPU.ActiveCfg = Debug|Any CPU
		{6DA1EB95-FF6F-466E-BB19-3DB65164E75A}.Debug|Any CPU.Build.0 = Debug|Any CPU
		{6DA1EB95-FF6F-466E-BB19-3DB65164E75A}.Release|Any CPU.ActiveCfg = Release|Any CPU
		{6DA1EB95-FF6F-466E-BB19-3DB65164E75A}.Release|Any CPU.Build.0 = Release|Any CPU
		{639CC1E7-B4B4-4B7F-9A54-4BFEC88F7B36}.Debug|Any CPU.ActiveCfg = Debug|Any CPU
		{639CC1E7-B4B4-4B7F-9A54-4BFEC88F7B36}.Debug|Any CPU.Build.0 = Debug|Any CPU
		{639CC1E7-B4B4-4B7F-9A54-4BFEC88F7B36}.Release|Any CPU.ActiveCfg = Release|Any CPU
		{639CC1E7-B4B4-4B7F-9A54-4BFEC88F7B36}.Release|Any CPU.Build.0 = Release|Any CPU
		{3C0B1AA3-A1F3-48DF-BAD3-4680B5F511D6}.Debug|Any CPU.ActiveCfg = Debug|Any CPU
		{3C0B1AA3-A1F3-48DF-BAD3-4680B5F511D6}.Debug|Any CPU.Build.0 = Debug|Any CPU
		{3C0B1AA3-A1F3-48DF-BAD3-4680B5F511D6}.Release|Any CPU.ActiveCfg = Release|Any CPU
		{3C0B1AA3-A1F3-48DF-BAD3-4680B5F511D6}.Release|Any CPU.Build.0 = Release|Any CPU
	EndGlobalSection
	GlobalSection(SolutionProperties) = preSolution
		HideSolutionNode = FALSE
	EndGlobalSection
	GlobalSection(NestedProjects) = preSolution
		{6F34D14E-273A-4B8E-A909-870B57336D95} = {798D3A30-1277-49B0-94D7-7E4CE36E47FC}
		{6DA1EB95-FF6F-466E-BB19-3DB65164E75A} = {798D3A30-1277-49B0-94D7-7E4CE36E47FC}
		{639CC1E7-B4B4-4B7F-9A54-4BFEC88F7B36} = {77ED7E77-929E-4DB7-8BBE-33843DC354C0}
		{3C0B1AA3-A1F3-48DF-BAD3-4680B5F511D6} = {D32BEFAF-CF18-4016-9A35-E72474C83B0C}
	EndGlobalSection
EndGlobal
